
Microsoft Visual Studio Solution File, Format Version 12.00
# Visual Studio Version 17
VisualStudioVersion = 17.3.32929.385
MinimumVisualStudioVersion = 10.0.40219.1
Project("{FAE04EC0-301F-11D3-BF4B-00C04F79EFBC}") = "Northwind", "Northwind\Northwind.csproj", "{A02AF7D6-F078-4672-BCA2-5594946124EE}"
EndProject
Global
	GlobalSection(SolutionConfigurationPlatforms) = preSolution
		Debug|Any CPU = Debug|Any CPU
		Release|Any CPU = Release|Any CPU
	EndGlobalSection
	GlobalSection(ProjectConfigurationPlatforms) = postSolution
		{A02AF7D6-F078-4672-BCA2-5594946124EE}.Debug|Any CPU.ActiveCfg = Debug|Any CPU
		{A02AF7D6-F078-4672-BCA2-5594946124EE}.Debug|Any CPU.Build.0 = Debug|Any CPU
		{A02AF7D6-F078-4672-BCA2-5594946124EE}.Release|Any CPU.ActiveCfg = Release|Any CPU
		{A02AF7D6-F078-4672-BCA2-5594946124EE}.Release|Any CPU.Build.0 = Release|Any CPU
	EndGlobalSection
	GlobalSection(SolutionProperties) = preSolution
		HideSolutionNode = FALSE
	EndGlobalSection
	GlobalSection(ExtensibilityGlobals) = postSolution
		SolutionGuid = {EB1768CC-8C0F-45C4-BA53-C7308BC47601}
	EndGlobalSection
EndGlobal
